
Microsoft Visual Studio Solution File, Format Version 12.00
# Visual Studio 2015
Project("{FAE04EC0-301F-11D3-BF4B-00C04F79EFBC}") = "Flyer.CSharp", "Flyer.CSharp.csproj", "{C787EC9F-D651-1B89-0807-FD75F965EB20}"
EndProject
Project("{FAE04EC0-301F-11D3-BF4B-00C04F79EFBC}") = "Flyer.CSharp.Editor", "Flyer.CSharp.Editor.csproj", "{84F2BA4C-00B8-C9AF-C681-FA6B2E649590}"
EndProject
Global
	GlobalSection(SolutionConfigurationPlatforms) = preSolution
		Debug|Any CPU = Debug|Any CPU
		Release|Any CPU = Release|Any CPU
	EndGlobalSection
	GlobalSection(ProjectConfigurationPlatforms) = postSolution
		{C787EC9F-D651-1B89-0807-FD75F965EB20}.Debug|Any CPU.ActiveCfg = Debug|Any CPU
		{C787EC9F-D651-1B89-0807-FD75F965EB20}.Debug|Any CPU.Build.0 = Debug|Any CPU
		{C787EC9F-D651-1B89-0807-FD75F965EB20}.Release|Any CPU.ActiveCfg = Release|Any CPU
		{C787EC9F-D651-1B89-0807-FD75F965EB20}.Release|Any CPU.Build.0 = Release|Any CPU
		{84F2BA4C-00B8-C9AF-C681-FA6B2E649590}.Debug|Any CPU.ActiveCfg = Debug|Any CPU
		{84F2BA4C-00B8-C9AF-C681-FA6B2E649590}.Debug|Any CPU.Build.0 = Debug|Any CPU
		{84F2BA4C-00B8-C9AF-C681-FA6B2E649590}.Release|Any CPU.ActiveCfg = Release|Any CPU
		{84F2BA4C-00B8-C9AF-C681-FA6B2E649590}.Release|Any CPU.Build.0 = Release|Any CPU
	EndGlobalSection
	GlobalSection(SolutionProperties) = preSolution
		HideSolutionNode = FALSE
	EndGlobalSection
EndGlobal
